
Microsoft Visual Studio Solution File, Format Version 12.00
# Visual Studio Version 17
VisualStudioVersion = 17.10.35027.167
MinimumVisualStudioVersion = 10.0.40219.1
Project("{9A19103F-16F7-4668-BE54-9A1E7A4F7556}") = "BookingRoom.Test", "BookingRoom.TAF\BookingRoom.Test.csproj", "{EC4BE82C-477C-4627-AB1F-430848E0E691}"
EndProject
Project("{9A19103F-16F7-4668-BE54-9A1E7A4F7556}") = "BookingRoom.Core", "BookingRoom.Core\BookingRoom.Core.csproj", "{7A8EE021-0565-46C7-9DDC-67D86E94EE49}"
EndProject
Project("{9A19103F-16F7-4668-BE54-9A1E7A4F7556}") = "BookingRoom.UI", "BookingRoom.UI\BookingRoom.UI.csproj", "{C7F85053-1B2A-42DB-8448-E03DE07921AF}"
EndProject
Project("{9A19103F-16F7-4668-BE54-9A1E7A4F7556}") = "BookingRoom.API", "BookingRoom.API\BookingRoom.API.csproj", "{C5D42A2D-6812-4833-8EAA-4F9397556CFF}"
EndProject
Global
	GlobalSection(SolutionConfigurationPlatforms) = preSolution
		Debug|Any CPU = Debug|Any CPU
		Release|Any CPU = Release|Any CPU
	EndGlobalSection
	GlobalSection(ProjectConfigurationPlatforms) = postSolution
		{EC4BE82C-477C-4627-AB1F-430848E0E691}.Debug|Any CPU.ActiveCfg = Debug|Any CPU
		{EC4BE82C-477C-4627-AB1F-430848E0E691}.Debug|Any CPU.Build.0 = Debug|Any CPU
		{EC4BE82C-477C-4627-AB1F-430848E0E691}.Release|Any CPU.ActiveCfg = Release|Any CPU
		{EC4BE82C-477C-4627-AB1F-430848E0E691}.Release|Any CPU.Build.0 = Release|Any CPU
		{7A8EE021-0565-46C7-9DDC-67D86E94EE49}.Debug|Any CPU.ActiveCfg = Debug|Any CPU
		{7A8EE021-0565-46C7-9DDC-67D86E94EE49}.Debug|Any CPU.Build.0 = Debug|Any CPU
		{7A8EE021-0565-46C7-9DDC-67D86E94EE49}.Release|Any CPU.ActiveCfg = Release|Any CPU
		{7A8EE021-0565-46C7-9DDC-67D86E94EE49}.Release|Any CPU.Build.0 = Release|Any CPU
		{C7F85053-1B2A-42DB-8448-E03DE07921AF}.Debug|Any CPU.ActiveCfg = Debug|Any CPU
		{C7F85053-1B2A-42DB-8448-E03DE07921AF}.Debug|Any CPU.Build.0 = Debug|Any CPU
		{C7F85053-1B2A-42DB-8448-E03DE07921AF}.Release|Any CPU.ActiveCfg = Release|Any CPU
		{C7F85053-1B2A-42DB-8448-E03DE07921AF}.Release|Any CPU.Build.0 = Release|Any CPU
		{C5D42A2D-6812-4833-8EAA-4F9397556CFF}.Debug|Any CPU.ActiveCfg = Debug|Any CPU
		{C5D42A2D-6812-4833-8EAA-4F9397556CFF}.Debug|Any CPU.Build.0 = Debug|Any CPU
		{C5D42A2D-6812-4833-8EAA-4F9397556CFF}.Release|Any CPU.ActiveCfg = Release|Any CPU
		{C5D42A2D-6812-4833-8EAA-4F9397556CFF}.Release|Any CPU.Build.0 = Release|Any CPU
	EndGlobalSection
	GlobalSection(SolutionProperties) = preSolution
		HideSolutionNode = FALSE
	EndGlobalSection
	GlobalSection(ExtensibilityGlobals) = postSolution
		SolutionGuid = {F4693475-D077-45B8-9D8D-CF0BB2333484}
	EndGlobalSection
EndGlobal
